
Microsoft Visual Studio Solution File, Format Version 12.00
# Visual Studio 15
VisualStudioVersion = 15.0.28010.2046
MinimumVisualStudioVersion = 10.0.40219.1
Project("{FAE04EC0-301F-11D3-BF4B-00C04F79EFBC}") = "MoreArraysPractice", "MoreArraysPractice\MoreArraysPractice.csproj", "{BACFEB82-5D2F-465E-9ABE-1E83F37421A8}"
EndProject
Global
	GlobalSection(SolutionConfigurationPlatforms) = preSolution
		Debug|Any CPU = Debug|Any CPU
		Release|Any CPU = Release|Any CPU
	EndGlobalSection
	GlobalSection(ProjectConfigurationPlatforms) = postSolution
		{BACFEB82-5D2F-465E-9ABE-1E83F37421A8}.Debug|Any CPU.ActiveCfg = Debug|Any CPU
		{BACFEB82-5D2F-465E-9ABE-1E83F37421A8}.Debug|Any CPU.Build.0 = Debug|Any CPU
		{BACFEB82-5D2F-465E-9ABE-1E83F37421A8}.Release|Any CPU.ActiveCfg = Release|Any CPU
		{BACFEB82-5D2F-465E-9ABE-1E83F37421A8}.Release|Any CPU.Build.0 = Release|Any CPU
	EndGlobalSection
	GlobalSection(SolutionProperties) = preSolution
		HideSolutionNode = FALSE
	EndGlobalSection
	GlobalSection(ExtensibilityGlobals) = postSolution
		SolutionGuid = {56D486F6-7800-41D1-8AB0-786A04F7FE7B}
	EndGlobalSection
EndGlobal
